
Microsoft Visual Studio Solution File, Format Version 12.00
# Visual Studio Version 17
VisualStudioVersion = 17.7.34024.191
MinimumVisualStudioVersion = 10.0.40219.1
Project("{FAE04EC0-301F-11D3-BF4B-00C04F79EFBC}") = "Task 1", "Task 1.csproj", "{E2AA5C06-EEBA-48AE-9A16-AAF00D57F191}"
EndProject
Project("{2150E333-8FDC-42A3-9474-1A3956D46DE8}") = "Solution Items", "Solution Items", "{DF4D1E33-D3A3-403A-AD4B-F5EF8CBB50CD}"
	ProjectSection(SolutionItems) = preProject
		.editorconfig = .editorconfig
	EndProjectSection
EndProject
Project("{FAE04EC0-301F-11D3-BF4B-00C04F79EFBC}") = "Task 2", "..\Task 2\Task 2.csproj", "{312DD45E-D040-47D0-BB00-F7F3535BDDB3}"
EndProject
Project("{FAE04EC0-301F-11D3-BF4B-00C04F79EFBC}") = "Task 3", "..\Task 3\Task 3.csproj", "{B717671E-DEF4-4419-8A68-C8BC98C082D1}"
EndProject
Project("{FAE04EC0-301F-11D3-BF4B-00C04F79EFBC}") = "Task 4", "..\Task 4\Task 4.csproj", "{C09E2AF3-324A-4887-AFF9-D4192253468B}"
EndProject
Global
	GlobalSection(SolutionConfigurationPlatforms) = preSolution
		Debug|Any CPU = Debug|Any CPU
		Release|Any CPU = Release|Any CPU
	EndGlobalSection
	GlobalSection(ProjectConfigurationPlatforms) = postSolution
		{E2AA5C06-EEBA-48AE-9A16-AAF00D57F191}.Debug|Any CPU.ActiveCfg = Debug|Any CPU
		{E2AA5C06-EEBA-48AE-9A16-AAF00D57F191}.Debug|Any CPU.Build.0 = Debug|Any CPU
		{E2AA5C06-EEBA-48AE-9A16-AAF00D57F191}.Release|Any CPU.ActiveCfg = Release|Any CPU
		{E2AA5C06-EEBA-48AE-9A16-AAF00D57F191}.Release|Any CPU.Build.0 = Release|Any CPU
		{312DD45E-D040-47D0-BB00-F7F3535BDDB3}.Debug|Any CPU.ActiveCfg = Debug|Any CPU
		{312DD45E-D040-47D0-BB00-F7F3535BDDB3}.Debug|Any CPU.Build.0 = Debug|Any CPU
		{312DD45E-D040-47D0-BB00-F7F3535BDDB3}.Release|Any CPU.ActiveCfg = Release|Any CPU
		{312DD45E-D040-47D0-BB00-F7F3535BDDB3}.Release|Any CPU.Build.0 = Release|Any CPU
		{B717671E-DEF4-4419-8A68-C8BC98C082D1}.Debug|Any CPU.ActiveCfg = Debug|Any CPU
		{B717671E-DEF4-4419-8A68-C8BC98C082D1}.Debug|Any CPU.Build.0 = Debug|Any CPU
		{B717671E-DEF4-4419-8A68-C8BC98C082D1}.Release|Any CPU.ActiveCfg = Release|Any CPU
		{B717671E-DEF4-4419-8A68-C8BC98C082D1}.Release|Any CPU.Build.0 = Release|Any CPU
		{C09E2AF3-324A-4887-AFF9-D4192253468B}.Debug|Any CPU.ActiveCfg = Debug|Any CPU
		{C09E2AF3-324A-4887-AFF9-D4192253468B}.Debug|Any CPU.Build.0 = Debug|Any CPU
		{C09E2AF3-324A-4887-AFF9-D4192253468B}.Release|Any CPU.ActiveCfg = Release|Any CPU
		{C09E2AF3-324A-4887-AFF9-D4192253468B}.Release|Any CPU.Build.0 = Release|Any CPU
	EndGlobalSection
	GlobalSection(SolutionProperties) = preSolution
		HideSolutionNode = FALSE
	EndGlobalSection
	GlobalSection(ExtensibilityGlobals) = postSolution
		SolutionGuid = {8A8344A8-BC64-4C78-B1C1-95F4855F76D0}
	EndGlobalSection
EndGlobal
